
Microsoft Visual Studio Solution File, Format Version 12.00
# Visual Studio Version 17
VisualStudioVersion = 17.4.33205.214
MinimumVisualStudioVersion = 10.0.40219.1
Project("{FAE04EC0-301F-11D3-BF4B-00C04F79EFBC}") = "ContactsExam", "ContactsExam\ContactsExam.csproj", "{07EF0D0E-23D4-4B0C-9236-A6D9D3BDFE99}"
EndProject
Global
	GlobalSection(SolutionConfigurationPlatforms) = preSolution
		Debug|Any CPU = Debug|Any CPU
		Release|Any CPU = Release|Any CPU
	EndGlobalSection
	GlobalSection(ProjectConfigurationPlatforms) = postSolution
		{07EF0D0E-23D4-4B0C-9236-A6D9D3BDFE99}.Debug|Any CPU.ActiveCfg = Debug|Any CPU
		{07EF0D0E-23D4-4B0C-9236-A6D9D3BDFE99}.Debug|Any CPU.Build.0 = Debug|Any CPU
		{07EF0D0E-23D4-4B0C-9236-A6D9D3BDFE99}.Release|Any CPU.ActiveCfg = Release|Any CPU
		{07EF0D0E-23D4-4B0C-9236-A6D9D3BDFE99}.Release|Any CPU.Build.0 = Release|Any CPU
	EndGlobalSection
	GlobalSection(SolutionProperties) = preSolution
		HideSolutionNode = FALSE
	EndGlobalSection
	GlobalSection(ExtensibilityGlobals) = postSolution
		SolutionGuid = {5E9D34FE-9AEE-419C-8095-7F7482706276}
	EndGlobalSection
EndGlobal
